
Microsoft Visual Studio Solution File, Format Version 12.00
# Visual Studio Version 17
VisualStudioVersion = 17.14.36811.4
MinimumVisualStudioVersion = 10.0.40219.1
Project("{FAE04EC0-301F-11D3-BF4B-00C04F79EFBC}") = "TaskScheduler.API", "TaskScheduler.API\TaskScheduler.API.csproj", "{60E7E628-0CF5-4F90-86E4-EB4E7927ACA1}"
EndProject
Project("{FAE04EC0-301F-11D3-BF4B-00C04F79EFBC}") = "TaskScheduler.Core", "TaskScheduler.Core\TaskScheduler.Core.csproj", "{8081AC4B-47C6-4F19-9D16-1B619B3C9380}"
EndProject
Project("{FAE04EC0-301F-11D3-BF4B-00C04F79EFBC}") = "TaskScheduler.Data", "TaskScheduler.Data\TaskScheduler.Data.csproj", "{5C524CB1-CEC1-481A-AA77-D50F8B22C2E3}"
EndProject
Project("{FAE04EC0-301F-11D3-BF4B-00C04F79EFBC}") = "TaskScheduler.Client", "TaskScheduler.Client\TaskScheduler.Client.csproj", "{77B7D616-EA05-49E0-8A2D-A727291CC32A}"
EndProject
Project("{2150E333-8FDC-42A3-9474-1A3956D46DE8}") = "DevExtreme NuGet.config", "DevExtreme NuGet.config", "{02EA681E-C7D8-13C7-8484-4AC65E1B71E8}"
	ProjectSection(SolutionItems) = preProject
		NuGet.config = NuGet.config
	EndProjectSection
EndProject
Global
	GlobalSection(SolutionConfigurationPlatforms) = preSolution
		Debug|Any CPU = Debug|Any CPU
		Release|Any CPU = Release|Any CPU
	EndGlobalSection
	GlobalSection(ProjectConfigurationPlatforms) = postSolution
		{60E7E628-0CF5-4F90-86E4-EB4E7927ACA1}.Debug|Any CPU.ActiveCfg = Debug|Any CPU
		{60E7E628-0CF5-4F90-86E4-EB4E7927ACA1}.Debug|Any CPU.Build.0 = Debug|Any CPU
		{60E7E628-0CF5-4F90-86E4-EB4E7927ACA1}.Release|Any CPU.ActiveCfg = Release|Any CPU
		{60E7E628-0CF5-4F90-86E4-EB4E7927ACA1}.Release|Any CPU.Build.0 = Release|Any CPU
		{8081AC4B-47C6-4F19-9D16-1B619B3C9380}.Debug|Any CPU.ActiveCfg = Debug|Any CPU
		{8081AC4B-47C6-4F19-9D16-1B619B3C9380}.Debug|Any CPU.Build.0 = Debug|Any CPU
		{8081AC4B-47C6-4F19-9D16-1B619B3C9380}.Release|Any CPU.ActiveCfg = Release|Any CPU
		{8081AC4B-47C6-4F19-9D16-1B619B3C9380}.Release|Any CPU.Build.0 = Release|Any CPU
		{5C524CB1-CEC1-481A-AA77-D50F8B22C2E3}.Debug|Any CPU.ActiveCfg = Debug|Any CPU
		{5C524CB1-CEC1-481A-AA77-D50F8B22C2E3}.Debug|Any CPU.Build.0 = Debug|Any CPU
		{5C524CB1-CEC1-481A-AA77-D50F8B22C2E3}.Release|Any CPU.ActiveCfg = Release|Any CPU
		{5C524CB1-CEC1-481A-AA77-D50F8B22C2E3}.Release|Any CPU.Build.0 = Release|Any CPU
		{77B7D616-EA05-49E0-8A2D-A727291CC32A}.Debug|Any CPU.ActiveCfg = Debug|Any CPU
		{77B7D616-EA05-49E0-8A2D-A727291CC32A}.Debug|Any CPU.Build.0 = Debug|Any CPU
		{77B7D616-EA05-49E0-8A2D-A727291CC32A}.Release|Any CPU.ActiveCfg = Release|Any CPU
		{77B7D616-EA05-49E0-8A2D-A727291CC32A}.Release|Any CPU.Build.0 = Release|Any CPU
	EndGlobalSection
	GlobalSection(SolutionProperties) = preSolution
		HideSolutionNode = FALSE
	EndGlobalSection
	GlobalSection(ExtensibilityGlobals) = postSolution
		SolutionGuid = {D85F24AC-F3B9-45E8-A4F4-AAED934011E2}
	EndGlobalSection
EndGlobal
